
Microsoft Visual Studio Solution File, Format Version 12.00
# Visual Studio Version 16
VisualStudioVersion = 16.0.29519.181
MinimumVisualStudioVersion = 10.0.40219.1
Project("{FAE04EC0-301F-11D3-BF4B-00C04F79EFBC}") = "StarCitizenTradingApp", "StarCitizenTradingApp\StarCitizenTradingApp.csproj", "{FB414ED3-7103-4B1D-815E-75B417BE28A3}"
EndProject
Global
	GlobalSection(SolutionConfigurationPlatforms) = preSolution
		Debug|Any CPU = Debug|Any CPU
		Release|Any CPU = Release|Any CPU
	EndGlobalSection
	GlobalSection(ProjectConfigurationPlatforms) = postSolution
		{FB414ED3-7103-4B1D-815E-75B417BE28A3}.Debug|Any CPU.ActiveCfg = Debug|Any CPU
		{FB414ED3-7103-4B1D-815E-75B417BE28A3}.Debug|Any CPU.Build.0 = Debug|Any CPU
		{FB414ED3-7103-4B1D-815E-75B417BE28A3}.Release|Any CPU.ActiveCfg = Release|Any CPU
		{FB414ED3-7103-4B1D-815E-75B417BE28A3}.Release|Any CPU.Build.0 = Release|Any CPU
	EndGlobalSection
	GlobalSection(SolutionProperties) = preSolution
		HideSolutionNode = FALSE
	EndGlobalSection
	GlobalSection(ExtensibilityGlobals) = postSolution
		SolutionGuid = {79881D09-8987-42EE-A99F-24F3DB677762}
	EndGlobalSection
EndGlobal
